// !$*UTF8*$!
{
	archiveVersion = 1;
	classes = {
	};
	objectVersion = 77;
	objects = {

/* Begin PBXContainerItemProxy section */
		A48764CB2DDA4E6400EDEEB9 /* PBXContainerItemProxy */ = {
			isa = PBXContainerItemProxy;
			containerPortal = A48764B52DDA4E6300EDEEB9 /* Project object */;
			proxyType = 1;
			remoteGlobalIDString = A48764BC2DDA4E6300EDEEB9;
			remoteInfo = clearDone;
		};
		A48764D52DDA4E6400EDEEB9 /* PBXContainerItemProxy */ = {
			isa = PBXContainerItemProxy;
			containerPortal = A48764B52DDA4E6300EDEEB9 /* Project object */;
			proxyType = 1;
			remoteGlobalIDString = A48764BC2DDA4E6300EDEEB9;
			remoteInfo = clearDone;
		};
/* End PBXContainerItemProxy section */

/* Begin PBXFileReference section */
		A48764BD2DDA4E6300EDEEB9 /* clearDone.app */ = {isa = PBXFileReference; explicitFileType = wrapper.application; includeInIndex = 0; path = clearDone.app; sourceTree = BUILT_PRODUCTS_DIR; };
		A48764CA2DDA4E6400EDEEB9 /* clearDoneTests.xctest */ = {isa = PBXFileReference; explicitFileType = wrapper.cfbundle; includeInIndex = 0; path = clearDoneTests.xctest; sourceTree = BUILT_PRODUCTS_DIR; };
		A48764D42DDA4E6400EDEEB9 /* clearDoneUITests.xctest */ = {isa = PBXFileReference; explicitFileType = wrapper.cfbundle; includeInIndex = 0; path = clearDoneUITests.xctest; sourceTree = BUILT_PRODUCTS_DIR; };
		A4B081472DE497F30082275D /* clearDone.xctestplan */ = {isa = PBXFileReference; lastKnownFileType = text; path = clearDone.xctestplan; sourceTree = "<group>"; };
/* End PBXFileReference section */

/* Begin PBXFileSystemSynchronizedRootGroup section */
		A48764BF2DDA4E6300EDEEB9 /* clearDone */ = {
			isa = PBXFileSystemSynchronizedRootGroup;
			path = clearDone;
			sourceTree = "<group>";
		};
		A48764CD2DDA4E6400EDEEB9 /* clearDoneTests */ = {
			isa = PBXFileSystemSynchronizedRootGroup;
			path = clearDoneTests;
			sourceTree = "<group>";
		};
		A48764D72DDA4E6400EDEEB9 /* clearDoneUITests */ = {
			isa = PBXFileSystemSynchronizedRootGroup;
			path = clearDoneUITests;
			sourceTree = "<group>";
		};
/* End PBXFileSystemSynchronizedRootGroup section */

/* Begin PBXFrameworksBuildPhase section */
		A48764BA2DDA4E6300EDEEB9 /* Frameworks */ = {
			isa = PBXFrameworksBuildPhase;
			buildActionMask = 2147483647;
			files = (
			);
			runOnlyForDeploymentPostprocessing = 0;
		};
		A48764C72DDA4E6400EDEEB9 /* Frameworks */ = {
			isa = PBXFrameworksBuildPhase;
			buildActionMask = 2147483647;
			files = (
			);
			runOnlyForDeploymentPostprocessing = 0;
		};
		A48764D12DDA4E6400EDEEB9 /* Frameworks */ = {
			isa = PBXFrameworksBuildPhase;
			buildActionMask = 2147483647;
			files = (
			);
			runOnlyForDeploymentPostprocessing = 0;
		};
/* End PBXFrameworksBuildPhase section */

/* Begin PBXGroup section */
		A48764B42DDA4E6300EDEEB9 = {
			isa = PBXGroup;
			children = (
				A4B081472DE497F30082275D /* clearDone.xctestplan */,
				A48764BF2DDA4E6300EDEEB9 /* clearDone */,
				A48764CD2DDA4E6400EDEEB9 /* clearDoneTests */,
				A48764D72DDA4E6400EDEEB9 /* clearDoneUITests */,
				A48764BE2DDA4E6300EDEEB9 /* Products */,
			);
			sourceTree = "<group>";
		};
		A48764BE2DDA4E6300EDEEB9 /* Products */ = {
			isa = PBXGroup;
			children = (
				A48764BD2DDA4E6300EDEEB9 /* clearDone.app */,
				A48764CA2DDA4E6400EDEEB9 /* clearDoneTests.xctest */,
				A48764D42DDA4E6400EDEEB9 /* clearDoneUITests.xctest */,
			);
			name = Products;
			sourceTree = "<group>";
		};
/* End PBXGroup section */

/* Begin PBXNativeTarget section */
		A48764BC2DDA4E6300EDEEB9 /* clearDone */ = {
			isa = PBXNativeTarget;
			buildConfigurationList = A48764DE2DDA4E6400EDEEB9 /* Build configuration list for PBXNativeTarget "clearDone" */;
			buildPhases = (
				A48764B92DDA4E6300EDEEB9 /* Sources */,
				A48764BA2DDA4E6300EDEEB9 /* Frameworks */,
				A48764BB2DDA4E6300EDEEB9 /* Resources */,
			);
			buildRules = (
			);
			dependencies = (
			);
			fileSystemSynchronizedGroups = (
				A48764BF2DDA4E6300EDEEB9 /* clearDone */,
			);
			name = clearDone;
			packageProductDependencies = (
			);
			productName = clearDone;
			productReference = A48764BD2DDA4E6300EDEEB9 /* clearDone.app */;
			productType = "com.apple.product-type.application";
		};
		A48764C92DDA4E6400EDEEB9 /* clearDoneTests */ = {
			isa = PBXNativeTarget;
			buildConfigurationList = A48764E12DDA4E6400EDEEB9 /* Build configuration list for PBXNativeTarget "clearDoneTests" */;
			buildPhases = (
				A48764C62DDA4E6400EDEEB9 /* Sources */,
				A48764C72DDA4E6400EDEEB9 /* Frameworks */,
				A48764C82DDA4E6400EDEEB9 /* Resources */,
			);
			buildRules = (
			);
			dependencies = (
				A48764CC2DDA4E6400EDEEB9 /* PBXTargetDependency */,
			);
			fileSystemSynchronizedGroups = (
				A48764CD2DDA4E6400EDEEB9 /* clearDoneTests */,
			);
			name = clearDoneTests;
			packageProductDependencies = (
			);
			productName = clearDoneTests;
			productReference = A48764CA2DDA4E6400EDEEB9 /* clearDoneTests.xctest */;
			productType = "com.apple.product-type.bundle.unit-test";
		};
		A48764D32DDA4E6400EDEEB9 /* clearDoneUITests */ = {
			isa = PBXNativeTarget;
			buildConfigurationList = A48764E42DDA4E6400EDEEB9 /* Build configuration list for PBXNativeTarget "clearDoneUITests" */;
			buildPhases = (
				A48764D02DDA4E6400EDEEB9 /* Sources */,
				A48764D12DDA4E6400EDEEB9 /* Frameworks */,
				A48764D22DDA4E6400EDEEB9 /* Resources */,
			);
			buildRules = (
			);
			dependencies = (
				A48764D62DDA4E6400EDEEB9 /* PBXTargetDependency */,
			);
			fileSystemSynchronizedGroups = (
				A48764D72DDA4E6400EDEEB9 /* clearDoneUITests */,
			);
			name = clearDoneUITests;
			packageProductDependencies = (
			);
			productName = clearDoneUITests;
			productReference = A48764D42DDA4E6400EDEEB9 /* clearDoneUITests.xctest */;
			productType = "com.apple.product-type.bundle.ui-testing";
		};
/* End PBXNativeTarget section */

/* Begin PBXProject section */
		A48764B52DDA4E6300EDEEB9 /* Project object */ = {
			isa = PBXProject;
			attributes = {
				BuildIndependentTargetsInParallel = 1;
				LastSwiftUpdateCheck = 1630;
				LastUpgradeCheck = 1630;
				TargetAttributes = {
					A48764BC2DDA4E6300EDEEB9 = {
						CreatedOnToolsVersion = 16.3;
					};
					A48764C92DDA4E6400EDEEB9 = {
						CreatedOnToolsVersion = 16.3;
						TestTargetID = A48764BC2DDA4E6300EDEEB9;
					};
					A48764D32DDA4E6400EDEEB9 = {
						CreatedOnToolsVersion = 16.3;
						TestTargetID = A48764BC2DDA4E6300EDEEB9;
					};
				};
			};
			buildConfigurationList = A48764B82DDA4E6300EDEEB9 /* Build configuration list for PBXProject "clearDone" */;
			developmentRegion = en;
			hasScannedForEncodings = 0;
			knownRegions = (
				en,
				Base,
			);
			mainGroup = A48764B42DDA4E6300EDEEB9;
			minimizedProjectReferenceProxies = 1;
			preferredProjectObjectVersion = 77;
			productRefGroup = A48764BE2DDA4E6300EDEEB9 /* Products */;
			projectDirPath = "";
			projectRoot = "";
			targets = (
				A48764BC2DDA4E6300EDEEB9 /* clearDone */,
				A48764C92DDA4E6400EDEEB9 /* clearDoneTests */,
				A48764D32DDA4E6400EDEEB9 /* clearDoneUITests */,
			);
		};
/* End PBXProject section */

/* Begin PBXResourcesBuildPhase section */
		A48764BB2DDA4E6300EDEEB9 /* Resources */ = {
			isa = PBXResourcesBuildPhase;
			buildActionMask = 2147483647;
			files = (
			);
			runOnlyForDeploymentPostprocessing = 0;
		};
		A48764C82DDA4E6400EDEEB9 /* Resources */ = {
			isa = PBXResourcesBuildPhase;
			buildActionMask = 2147483647;
			files = (
			);
			runOnlyForDeploymentPostprocessing = 0;
		};
		A48764D22DDA4E6400EDEEB9 /* Resources */ = {
			isa = PBXResourcesBuildPhase;
			buildActionMask = 2147483647;
			files = (
			);
			runOnlyForDeploymentPostprocessing = 0;
		};
/* End PBXResourcesBuildPhase section */

/* Begin PBXSourcesBuildPhase section */
		A48764B92DDA4E6300EDEEB9 /* Sources */ = {
			isa = PBXSourcesBuildPhase;
			buildActionMask = 2147483647;
			files = (
			);
			runOnlyForDeploymentPostprocessing = 0;
		};
		A48764C62DDA4E6400EDEEB9 /* Sources */ = {
			isa = PBXSourcesBuildPhase;
			buildActionMask = 2147483647;
			files = (
			);
			runOnlyForDeploymentPostprocessing = 0;
		};
		A48764D02DDA4E6400EDEEB9 /* Sources */ = {
			isa = PBXSourcesBuildPhase;
			buildActionMask = 2147483647;
			files = (
			);
			runOnlyForDeploymentPostprocessing = 0;
		};
/* End PBXSourcesBuildPhase section */

/* Begin PBXTargetDependency section */
		A48764CC2DDA4E6400EDEEB9 /* PBXTargetDependency */ = {
			isa = PBXTargetDependency;
			target = A48764BC2DDA4E6300EDEEB9 /* clearDone */;
			targetProxy = A48764CB2DDA4E6400EDEEB9 /* PBXContainerItemProxy */;
		};
		A48764D62DDA4E6400EDEEB9 /* PBXTargetDependency */ = {
			isa = PBXTargetDependency;
			target = A48764BC2DDA4E6300EDEEB9 /* clearDone */;
			targetProxy = A48764D52DDA4E6400EDEEB9 /* PBXContainerItemProxy */;
		};
/* End PBXTargetDependency section */

/* Begin XCBuildConfiguration section */
		A48764DC2DDA4E6400EDEEB9 /* Debug */ = {
			isa = XCBuildConfiguration;
			buildSettings = {
				ALWAYS_SEARCH_USER_PATHS = NO;
				ASSETCATALOG_COMPILER_GENERATE_SWIFT_ASSET_SYMBOL_EXTENSIONS = YES;
				CLANG_ANALYZER_NONNULL = YES;
				CLANG_ANALYZER_NUMBER_OBJECT_CONVERSION = YES_AGGRESSIVE;
				CLANG_CXX_LANGUAGE_STANDARD = "gnu++20";
				CLANG_ENABLE_MODULES = YES;
				CLANG_ENABLE_OBJC_ARC = YES;
				CLANG_ENABLE_OBJC_WEAK = YES;
				CLANG_WARN_BLOCK_CAPTURE_AUTORELEASING = YES;
				CLANG_WARN_BOOL_CONVERSION = YES;
				CLANG_WARN_COMMA = YES;
				CLANG_WARN_CONSTANT_CONVERSION = YES;
				CLANG_WARN_DEPRECATED_OBJC_IMPLEMENTATIONS = YES;
				CLANG_WARN_DIRECT_OBJC_ISA_USAGE = YES_ERROR;
				CLANG_WARN_DOCUMENTATION_COMMENTS = YES;
				CLANG_WARN_EMPTY_BODY = YES;
				CLANG_WARN_ENUM_CONVERSION = YES;
				CLANG_WARN_INFINITE_RECURSION = YES;
				CLANG_WARN_INT_CONVERSION = YES;
				CLANG_WARN_NON_LITERAL_NULL_CONVERSION = YES;
				CLANG_WARN_OBJC_IMPLICIT_RETAIN_SELF = YES;
				CLANG_WARN_OBJC_LITERAL_CONVERSION = YES;
				CLANG_WARN_OBJC_ROOT_CLASS = YES_ERROR;
				CLANG_WARN_QUOTED_INCLUDE_IN_FRAMEWORK_HEADER = YES;
				CLANG_WARN_RANGE_LOOP_ANALYSIS = YES;
				CLANG_WARN_STRICT_PROTOTYPES = YES;
				CLANG_WARN_SUSPICIOUS_MOVE = YES;
				CLANG_WARN_UNGUARDED_AVAILABILITY = YES_AGGRESSIVE;
				CLANG_WARN_UNREACHABLE_CODE = YES;
				CLANG_WARN__DUPLICATE_METHOD_MATCH = YES;
				COPY_PHASE_STRIP = NO;
				DEBUG_INFORMATION_FORMAT = dwarf;
				DEVELOPMENT_TEAM = NUXD6JP78F;
				ENABLE_STRICT_OBJC_MSGSEND = YES;
				ENABLE_TESTABILITY = YES;
				ENABLE_USER_SCRIPT_SANDBOXING = YES;
				GCC_C_LANGUAGE_STANDARD = gnu17;
				GCC_DYNAMIC_NO_PIC = NO;
				GCC_NO_COMMON_BLOCKS = YES;
				GCC_OPTIMIZATION_LEVEL = 0;
				GCC_PREPROCESSOR_DEFINITIONS = (
					"DEBUG=1",
					"$(inherited)",
				);
				GCC_WARN_64_TO_32_BIT_CONVERSION = YES;
				GCC_WARN_ABOUT_RETURN_TYPE = YES_ERROR;
				GCC_WARN_UNDECLARED_SELECTOR = YES;
				GCC_WARN_UNINITIALIZED_AUTOS = YES_AGGRESSIVE;
				GCC_WARN_UNUSED_FUNCTION = YES;
				GCC_WARN_UNUSED_VARIABLE = YES;
				IPHONEOS_DEPLOYMENT_TARGET = 18.4;
				LOCALIZATION_PREFERS_STRING_CATALOGS = YES;
				MTL_ENABLE_DEBUG_INFO = INCLUDE_SOURCE;
				MTL_FAST_MATH = YES;
				ONLY_ACTIVE_ARCH = YES;
				SDKROOT = iphoneos;
				SWIFT_ACTIVE_COMPILATION_CONDITIONS = "DEBUG $(inherited)";
				SWIFT_OPTIMIZATION_LEVEL = "-Onone";
			};
			name = Debug;
		};
		A48764DD2DDA4E6400EDEEB9 /* Release */ = {
			isa = XCBuildConfiguration;
			buildSettings = {
				ALWAYS_SEARCH_USER_PATHS = NO;
				ASSETCATALOG_COMPILER_GENERATE_SWIFT_ASSET_SYMBOL_EXTENSIONS = YES;
				CLANG_ANALYZER_NONNULL = YES;
				CLANG_ANALYZER_NUMBER_OBJECT_CONVERSION = YES_AGGRESSIVE;
				CLANG_CXX_LANGUAGE_STANDARD = "gnu++20";
				CLANG_ENABLE_MODULES = YES;
				CLANG_ENABLE_OBJC_ARC = YES;
				CLANG_ENABLE_OBJC_WEAK = YES;
				CLANG_WARN_BLOCK_CAPTURE_AUTORELEASING = YES;
				CLANG_WARN_BOOL_CONVERSION = YES;
				CLANG_WARN_COMMA = YES;
				CLANG_WARN_CONSTANT_CONVERSION = YES;
				CLANG_WARN_DEPRECATED_OBJC_IMPLEMENTATIONS = YES;
				CLANG_WARN_DIRECT_OBJC_ISA_USAGE = YES_ERROR;
				CLANG_WARN_DOCUMENTATION_COMMENTS = YES;
				CLANG_WARN_EMPTY_BODY = YES;
				CLANG_WARN_ENUM_CONVERSION = YES;
				CLANG_WARN_INFINITE_RECURSION = YES;
				CLANG_WARN_INT_CONVERSION = YES;
				CLANG_WARN_NON_LITERAL_NULL_CONVERSION = YES;
				CLANG_WARN_OBJC_IMPLICIT_RETAIN_SELF = YES;
				CLANG_WARN_OBJC_LITERAL_CONVERSION = YES;
				CLANG_WARN_OBJC_ROOT_CLASS = YES_ERROR;
				CLANG_WARN_QUOTED_INCLUDE_IN_FRAMEWORK_HEADER = YES;
				CLANG_WARN_RANGE_LOOP_ANALYSIS = YES;
				CLANG_WARN_STRICT_PROTOTYPES = YES;
				CLANG_WARN_SUSPICIOUS_MOVE = YES;
				CLANG_WARN_UNGUARDED_AVAILABILITY = YES_AGGRESSIVE;
				CLANG_WARN_UNREACHABLE_CODE = YES;
				CLANG_WARN__DUPLICATE_METHOD_MATCH = YES;
				COPY_PHASE_STRIP = NO;
				DEBUG_INFORMATION_FORMAT = "dwarf-with-dsym";
				DEVELOPMENT_TEAM = NUXD6JP78F;
				ENABLE_NS_ASSERTIONS = NO;
				ENABLE_STRICT_OBJC_MSGSEND = YES;
				ENABLE_USER_SCRIPT_SANDBOXING = YES;
				GCC_C_LANGUAGE_STANDARD = gnu17;
				GCC_NO_COMMON_BLOCKS = YES;
				GCC_WARN_64_TO_32_BIT_CONVERSION = YES;
				GCC_WARN_ABOUT_RETURN_TYPE = YES_ERROR;
				GCC_WARN_UNDECLARED_SELECTOR = YES;
				GCC_WARN_UNINITIALIZED_AUTOS = YES_AGGRESSIVE;
				GCC_WARN_UNUSED_FUNCTION = YES;
				GCC_WARN_UNUSED_VARIABLE = YES;
				IPHONEOS_DEPLOYMENT_TARGET = 18.4;
				LOCALIZATION_PREFERS_STRING_CATALOGS = YES;
				MTL_ENABLE_DEBUG_INFO = NO;
				MTL_FAST_MATH = YES;
				SDKROOT = iphoneos;
				SWIFT_COMPILATION_MODE = wholemodule;
				VALIDATE_PRODUCT = YES;
			};
			name = Release;
		};
		A48764DF2DDA4E6400EDEEB9 /* Debug */ = {
			isa = XCBuildConfiguration;
			buildSettings = {
				ASSETCATALOG_COMPILER_APPICON_NAME = AppIcon;
				ASSETCATALOG_COMPILER_GLOBAL_ACCENT_COLOR_NAME = AccentColor;
				CODE_SIGN_STYLE = Automatic;
				CURRENT_PROJECT_VERSION = 1;
				DEVELOPMENT_TEAM = NUXD6JP78F;
				ENABLE_PREVIEWS = YES;
				GENERATE_INFOPLIST_FILE = YES;
				"INFOPLIST_FILE[sdk=*]" = "";
				INFOPLIST_KEY_NSLocationAlwaysAndWhenInUseUsageDescription = skib;
				INFOPLIST_KEY_NSLocationWhenInUseUsageDescription = ohio;
				INFOPLIST_KEY_UIApplicationSceneManifest_Generation = YES;
				INFOPLIST_KEY_UIApplicationSupportsIndirectInputEvents = YES;
				INFOPLIST_KEY_UILaunchScreen_Generation = YES;
				INFOPLIST_KEY_UISupportedInterfaceOrientations_iPad = "UIInterfaceOrientationPortrait UIInterfaceOrientationPortraitUpsideDown UIInterfaceOrientationLandscapeLeft UIInterfaceOrientationLandscapeRight";
				INFOPLIST_KEY_UISupportedInterfaceOrientations_iPhone = "UIInterfaceOrientationPortrait UIInterfaceOrientationLandscapeLeft UIInterfaceOrientationLandscapeRight";
				LD_RUNPATH_SEARCH_PATHS = (
					"$(inherited)",
					"@executable_path/Frameworks",
				);
				MARKETING_VERSION = 1.0;
				NEW_SETTING = "";
				NSLocationAlwaysAndWhenInUseUsageDescription = "We use your location to show your position on the map.";
				NSLocationWhenInUseUsageDescription = "We use your location to show your position on the map.";
				PRODUCT_BUNDLE_IDENTIFIER = com.jettm9104.clearDone;
				PRODUCT_NAME = "$(TARGET_NAME)";
				SWIFT_EMIT_LOC_STRINGS = YES;
				SWIFT_VERSION = 5.0;
				TARGETED_DEVICE_FAMILY = "1,2";
			};
			name = Debug;
		};
		A48764E02DDA4E6400EDEEB9 /* Release */ = {
			isa = XCBuildConfiguration;
			buildSettings = {
				ASSETCATALOG_COMPILER_APPICON_NAME = AppIcon;
				ASSETCATALOG_COMPILER_GLOBAL_ACCENT_COLOR_NAME = AccentColor;
				CODE_SIGN_STYLE = Automatic;
				CURRENT_PROJECT_VERSION = 1;
				DEVELOPMENT_TEAM = NUXD6JP78F;
				ENABLE_PREVIEWS = YES;
				GENERATE_INFOPLIST_FILE = YES;
				"INFOPLIST_FILE[sdk=*]" = "";
				INFOPLIST_KEY_NSLocationAlwaysAndWhenInUseUsageDescription = skib;
				INFOPLIST_KEY_NSLocationWhenInUseUsageDescription = ohio;
				INFOPLIST_KEY_UIApplicationSceneManifest_Generation = YES;
				INFOPLIST_KEY_UIApplicationSupportsIndirectInputEvents = YES;
				INFOPLIST_KEY_UILaunchScreen_Generation = YES;
				INFOPLIST_KEY_UISupportedInterfaceOrientations_iPad = "UIInterfaceOrientationPortrait UIInterfaceOrientationPortraitUpsideDown UIInterfaceOrientationLandscapeLeft UIInterfaceOrientationLandscapeRight";
				INFOPLIST_KEY_UISupportedInterfaceOrientations_iPhone = "UIInterfaceOrientationPortrait UIInterfaceOrientationLandscapeLeft UIInterfaceOrientationLandscapeRight";
				LD_RUNPATH_SEARCH_PATHS = (
					"$(inherited)",
					"@executable_path/Frameworks",
				);
				MARKETING_VERSION = 1.0;
				NEW_SETTING = "";
				NSLocationAlwaysAndWhenInUseUsageDescription = "We use your location to show your position on the map.";
				NSLocationWhenInUseUsageDescription = "We use your location to show your position on the map.";
				PRODUCT_BUNDLE_IDENTIFIER = com.jettm9104.clearDone;
				PRODUCT_NAME = "$(TARGET_NAME)";
				SWIFT_EMIT_LOC_STRINGS = YES;
				SWIFT_VERSION = 5.0;
				TARGETED_DEVICE_FAMILY = "1,2";
			};
			name = Release;
		};
		A48764E22DDA4E6400EDEEB9 /* Debug */ = {
			isa = XCBuildConfiguration;
			buildSettings = {
				BUNDLE_LOADER = "$(TEST_HOST)";
				CODE_SIGN_STYLE = Automatic;
				CURRENT_PROJECT_VERSION = 1;
				DEVELOPMENT_TEAM = NUXD6JP78F;
				GENERATE_INFOPLIST_FILE = YES;
				IPHONEOS_DEPLOYMENT_TARGET = 18.4;
				MARKETING_VERSION = 1.0;
				PRODUCT_BUNDLE_IDENTIFIER = com.jettm9104.clearDoneTests;
				PRODUCT_NAME = "$(TARGET_NAME)";
				SWIFT_EMIT_LOC_STRINGS = NO;
				SWIFT_VERSION = 5.0;
				TARGETED_DEVICE_FAMILY = "1,2";
				TEST_HOST = "$(BUILT_PRODUCTS_DIR)/clearDone.app/$(BUNDLE_EXECUTABLE_FOLDER_PATH)/clearDone";
			};
			name = Debug;
		};
		A48764E32DDA4E6400EDEEB9 /* Release */ = {
			isa = XCBuildConfiguration;
			buildSettings = {
				BUNDLE_LOADER = "$(TEST_HOST)";
				CODE_SIGN_STYLE = Automatic;
				CURRENT_PROJECT_VERSION = 1;
				DEVELOPMENT_TEAM = NUXD6JP78F;
				GENERATE_INFOPLIST_FILE = YES;
				IPHONEOS_DEPLOYMENT_TARGET = 18.4;
				MARKETING_VERSION = 1.0;
				PRODUCT_BUNDLE_IDENTIFIER = com.jettm9104.clearDoneTests;
				PRODUCT_NAME = "$(TARGET_NAME)";
				SWIFT_EMIT_LOC_STRINGS = NO;
				SWIFT_VERSION = 5.0;
				TARGETED_DEVICE_FAMILY = "1,2";
				TEST_HOST = "$(BUILT_PRODUCTS_DIR)/clearDone.app/$(BUNDLE_EXECUTABLE_FOLDER_PATH)/clearDone";
			};
			name = Release;
		};
		A48764E52DDA4E6400EDEEB9 /* Debug */ = {
			isa = XCBuildConfiguration;
			buildSettings = {
				CODE_SIGN_STYLE = Automatic;
				CURRENT_PROJECT_VERSION = 1;
				DEVELOPMENT_TEAM = NUXD6JP78F;
				GENERATE_INFOPLIST_FILE = YES;
				MARKETING_VERSION = 1.0;
				PRODUCT_BUNDLE_IDENTIFIER = com.jettm9104.clearDoneUITests;
				PRODUCT_NAME = "$(TARGET_NAME)";
				SWIFT_EMIT_LOC_STRINGS = NO;
				SWIFT_VERSION = 5.0;
				TARGETED_DEVICE_FAMILY = "1,2";
				TEST_TARGET_NAME = clearDone;
			};
			name = Debug;
		};
		A48764E62DDA4E6400EDEEB9 /* Release */ = {
			isa = XCBuildConfiguration;
			buildSettings = {
				CODE_SIGN_STYLE = Automatic;
				CURRENT_PROJECT_VERSION = 1;
				DEVELOPMENT_TEAM = NUXD6JP78F;
				GENERATE_INFOPLIST_FILE = YES;
				MARKETING_VERSION = 1.0;
				PRODUCT_BUNDLE_IDENTIFIER = com.jettm9104.clearDoneUITests;
				PRODUCT_NAME = "$(TARGET_NAME)";
				SWIFT_EMIT_LOC_STRINGS = NO;
				SWIFT_VERSION = 5.0;
				TARGETED_DEVICE_FAMILY = "1,2";
				TEST_TARGET_NAME = clearDone;
			};
			name = Release;
		};
/* End XCBuildConfiguration section */

/* Begin XCConfigurationList section */
		A48764B82DDA4E6300EDEEB9 /* Build configuration list for PBXProject "clearDone" */ = {
			isa = XCConfigurationList;
			buildConfigurations = (
				A48764DC2DDA4E6400EDEEB9 /* Debug */,
				A48764DD2DDA4E6400EDEEB9 /* Release */,
			);
			defaultConfigurationIsVisible = 0;
			defaultConfigurationName = Release;
		};
		A48764DE2DDA4E6400EDEEB9 /* Build configuration list for PBXNativeTarget "clearDone" */ = {
			isa = XCConfigurationList;
			buildConfigurations = (
				A48764DF2DDA4E6400EDEEB9 /* Debug */,
				A48764E02DDA4E6400EDEEB9 /* Release */,
			);
			defaultConfigurationIsVisible = 0;
			defaultConfigurationName = Release;
		};
		A48764E12DDA4E6400EDEEB9 /* Build configuration list for PBXNativeTarget "clearDoneTests" */ = {
			isa = XCConfigurationList;
			buildConfigurations = (
				A48764E22DDA4E6400EDEEB9 /* Debug */,
				A48764E32DDA4E6400EDEEB9 /* Release */,
			);
			defaultConfigurationIsVisible = 0;
			defaultConfigurationName = Release;
		};
		A48764E42DDA4E6400EDEEB9 /* Build configuration list for PBXNativeTarget "clearDoneUITests" */ = {
			isa = XCConfigurationList;
			buildConfigurations = (
				A48764E52DDA4E6400EDEEB9 /* Debug */,
				A48764E62DDA4E6400EDEEB9 /* Release */,
			);
			defaultConfigurationIsVisible = 0;
			defaultConfigurationName = Release;
		};
/* End XCConfigurationList section */
	};
	rootObject = A48764B52DDA4E6300EDEEB9 /* Project object */;
}
